
Microsoft Visual Studio Solution File, Format Version 12.00
# Visual Studio Version 17
VisualStudioVersion = 17.8.34330.188
MinimumVisualStudioVersion = 10.0.40219.1
Project("{FAE04EC0-301F-11D3-BF4B-00C04F79EFBC}") = "EmployeeManagement", "EmployeeManagement\EmployeeManagement.csproj", "{A325E335-DC98-4ADF-9DF7-886BAB2BBE6D}"
EndProject
Global
	GlobalSection(SolutionConfigurationPlatforms) = preSolution
		Debug|Any CPU = Debug|Any CPU
		Release|Any CPU = Release|Any CPU
	EndGlobalSection
	GlobalSection(ProjectConfigurationPlatforms) = postSolution
		{A325E335-DC98-4ADF-9DF7-886BAB2BBE6D}.Debug|Any CPU.ActiveCfg = Debug|Any CPU
		{A325E335-DC98-4ADF-9DF7-886BAB2BBE6D}.Debug|Any CPU.Build.0 = Debug|Any CPU
		{A325E335-DC98-4ADF-9DF7-886BAB2BBE6D}.Release|Any CPU.ActiveCfg = Release|Any CPU
		{A325E335-DC98-4ADF-9DF7-886BAB2BBE6D}.Release|Any CPU.Build.0 = Release|Any CPU
	EndGlobalSection
	GlobalSection(SolutionProperties) = preSolution
		HideSolutionNode = FALSE
	EndGlobalSection
	GlobalSection(ExtensibilityGlobals) = postSolution
		SolutionGuid = {2CD6421A-8DEA-462D-B5DA-6D60E43BFD39}
	EndGlobalSection
EndGlobal
